
Microsoft Visual Studio Solution File, Format Version 12.00
# Visual Studio Version 16
VisualStudioVersion = 16.0.29709.97
MinimumVisualStudioVersion = 10.0.40219.1
Project("{FAE04EC0-301F-11D3-BF4B-00C04F79EFBC}") = "core3.1 Demo", "core3.1 Demo.csproj", "{370351C7-466E-4797-AA7D-0AAF14605569}"
EndProject
Global
	GlobalSection(SolutionConfigurationPlatforms) = preSolution
		Debug|Any CPU = Debug|Any CPU
		Release|Any CPU = Release|Any CPU
	EndGlobalSection
	GlobalSection(ProjectConfigurationPlatforms) = postSolution
		{370351C7-466E-4797-AA7D-0AAF14605569}.Debug|Any CPU.ActiveCfg = Debug|Any CPU
		{370351C7-466E-4797-AA7D-0AAF14605569}.Debug|Any CPU.Build.0 = Debug|Any CPU
		{370351C7-466E-4797-AA7D-0AAF14605569}.Release|Any CPU.ActiveCfg = Release|Any CPU
		{370351C7-466E-4797-AA7D-0AAF14605569}.Release|Any CPU.Build.0 = Release|Any CPU
	EndGlobalSection
	GlobalSection(SolutionProperties) = preSolution
		HideSolutionNode = FALSE
	EndGlobalSection
	GlobalSection(ExtensibilityGlobals) = postSolution
		SolutionGuid = {9E26927E-96C1-4B8B-87B7-29667A295ECD}
	EndGlobalSection
EndGlobal
